<?xml version="1.0" encoding="UTF-8" standalone="yes" ?>
<CodeBlocks_project_file>
	<FileVersion major="1" minor="6" />
	<Project>
		<Option title="rocket" />
		<Option pch_mode="2" />
		<Option compiler="gcc" />
		<Build>
			<Target title="Debug">
				<Option output="bin/Debug/rocket" prefix_auto="1" extension_auto="1" />
				<Option object_output="obj/Debug/" />
				<Option type="1" />
				<Option compiler="gcc" />
				<Option parameters="test/test_rocket.srocket test/out.txt" />
				<Compiler>
					<Add option="-std=c++17" />
					<Add option="-g" />
				</Compiler>
			</Target>
			<Target title="Release">
				<Option output="bin/Release/rocket" prefix_auto="1" extension_auto="1" />
				<Option object_output="obj/Release/" />
				<Option type="1" />
				<Option compiler="gcc" />
				<Compiler>
					<Add option="-std=c++17" />
					<Add option="-O2" />
				</Compiler>
				<Linker>
					<Add option="-s" />
				</Linker>
			</Target>
		</Build>
		<Compiler>
			<Add option="-Wall" />
		</Compiler>
		<Unit filename="Makefile" />
		<Unit filename="README.txt" />
		<Unit filename="build.sh" />
		<Unit filename="lib/Eigen/AccelerateSupport" />
		<Unit filename="lib/Eigen/Cholesky" />
		<Unit filename="lib/Eigen/CholmodSupport" />
		<Unit filename="lib/Eigen/Core" />
		<Unit filename="lib/Eigen/Dense" />
		<Unit filename="lib/Eigen/Eigen" />
		<Unit filename="lib/Eigen/Eigenvalues" />
		<Unit filename="lib/Eigen/Geometry" />
		<Unit filename="lib/Eigen/Householder" />
		<Unit filename="lib/Eigen/IterativeLinearSolvers" />
		<Unit filename="lib/Eigen/Jacobi" />
		<Unit filename="lib/Eigen/KLUSupport" />
		<Unit filename="lib/Eigen/LU" />
		<Unit filename="lib/Eigen/MetisSupport" />
		<Unit filename="lib/Eigen/OrderingMethods" />
		<Unit filename="lib/Eigen/PaStiXSupport" />
		<Unit filename="lib/Eigen/PardisoSupport" />
		<Unit filename="lib/Eigen/QR" />
		<Unit filename="lib/Eigen/QtAlignedMalloc" />
		<Unit filename="lib/Eigen/SPQRSupport" />
		<Unit filename="lib/Eigen/SVD" />
		<Unit filename="lib/Eigen/Sparse" />
		<Unit filename="lib/Eigen/SparseCholesky" />
		<Unit filename="lib/Eigen/SparseCore" />
		<Unit filename="lib/Eigen/SparseLU" />
		<Unit filename="lib/Eigen/SparseQR" />
		<Unit filename="lib/Eigen/StdDeque" />
		<Unit filename="lib/Eigen/StdList" />
		<Unit filename="lib/Eigen/StdVector" />
		<Unit filename="lib/Eigen/SuperLUSupport" />
		<Unit filename="lib/Eigen/UmfPackSupport" />
		<Unit filename="lib/Eigen/src/AccelerateSupport/AccelerateSupport.h" />
		<Unit filename="lib/Eigen/src/AccelerateSupport/InternalHeaderCheck.h" />
		<Unit filename="lib/Eigen/src/Cholesky/InternalHeaderCheck.h" />
		<Unit filename="lib/Eigen/src/Cholesky/LDLT.h" />
		<Unit filename="lib/Eigen/src/Cholesky/LLT.h" />
		<Unit filename="lib/Eigen/src/Cholesky/LLT_LAPACKE.h" />
		<Unit filename="lib/Eigen/src/CholmodSupport/CholmodSupport.h" />
		<Unit filename="lib/Eigen/src/CholmodSupport/InternalHeaderCheck.h" />
		<Unit filename="lib/Eigen/src/Core/ArithmeticSequence.h" />
		<Unit filename="lib/Eigen/src/Core/Array.h" />
		<Unit filename="lib/Eigen/src/Core/ArrayBase.h" />
		<Unit filename="lib/Eigen/src/Core/ArrayWrapper.h" />
		<Unit filename="lib/Eigen/src/Core/Assign.h" />
		<Unit filename="lib/Eigen/src/Core/AssignEvaluator.h" />
		<Unit filename="lib/Eigen/src/Core/Assign_MKL.h" />
		<Unit filename="lib/Eigen/src/Core/BandMatrix.h" />
		<Unit filename="lib/Eigen/src/Core/Block.h" />
		<Unit filename="lib/Eigen/src/Core/BooleanRedux.h" />
		<Unit filename="lib/Eigen/src/Core/CommaInitializer.h" />
		<Unit filename="lib/Eigen/src/Core/ConditionEstimator.h" />
		<Unit filename="lib/Eigen/src/Core/CoreEvaluators.h" />
		<Unit filename="lib/Eigen/src/Core/CoreIterators.h" />
		<Unit filename="lib/Eigen/src/Core/CwiseBinaryOp.h" />
		<Unit filename="lib/Eigen/src/Core/CwiseNullaryOp.h" />
		<Unit filename="lib/Eigen/src/Core/CwiseTernaryOp.h" />
		<Unit filename="lib/Eigen/src/Core/CwiseUnaryOp.h" />
		<Unit filename="lib/Eigen/src/Core/CwiseUnaryView.h" />
		<Unit filename="lib/Eigen/src/Core/DenseBase.h" />
		<Unit filename="lib/Eigen/src/Core/DenseCoeffsBase.h" />
		<Unit filename="lib/Eigen/src/Core/DenseStorage.h" />
		<Unit filename="lib/Eigen/src/Core/Diagonal.h" />
		<Unit filename="lib/Eigen/src/Core/DiagonalMatrix.h" />
		<Unit filename="lib/Eigen/src/Core/DiagonalProduct.h" />
		<Unit filename="lib/Eigen/src/Core/Dot.h" />
		<Unit filename="lib/Eigen/src/Core/EigenBase.h" />
		<Unit filename="lib/Eigen/src/Core/ForceAlignedAccess.h" />
		<Unit filename="lib/Eigen/src/Core/Fuzzy.h" />
		<Unit filename="lib/Eigen/src/Core/GeneralProduct.h" />
		<Unit filename="lib/Eigen/src/Core/GenericPacketMath.h" />
		<Unit filename="lib/Eigen/src/Core/GlobalFunctions.h" />
		<Unit filename="lib/Eigen/src/Core/IO.h" />
		<Unit filename="lib/Eigen/src/Core/IndexedView.h" />
		<Unit filename="lib/Eigen/src/Core/InternalHeaderCheck.h" />
		<Unit filename="lib/Eigen/src/Core/Inverse.h" />
		<Unit filename="lib/Eigen/src/Core/Map.h" />
		<Unit filename="lib/Eigen/src/Core/MapBase.h" />
		<Unit filename="lib/Eigen/src/Core/MathFunctions.h" />
		<Unit filename="lib/Eigen/src/Core/MathFunctionsImpl.h" />
		<Unit filename="lib/Eigen/src/Core/Matrix.h" />
		<Unit filename="lib/Eigen/src/Core/MatrixBase.h" />
		<Unit filename="lib/Eigen/src/Core/NestByValue.h" />
		<Unit filename="lib/Eigen/src/Core/NoAlias.h" />
		<Unit filename="lib/Eigen/src/Core/NumTraits.h" />
		<Unit filename="lib/Eigen/src/Core/PartialReduxEvaluator.h" />
		<Unit filename="lib/Eigen/src/Core/PermutationMatrix.h" />
		<Unit filename="lib/Eigen/src/Core/PlainObjectBase.h" />
		<Unit filename="lib/Eigen/src/Core/Product.h" />
		<Unit filename="lib/Eigen/src/Core/ProductEvaluators.h" />
		<Unit filename="lib/Eigen/src/Core/Random.h" />
		<Unit filename="lib/Eigen/src/Core/Redux.h" />
		<Unit filename="lib/Eigen/src/Core/Ref.h" />
		<Unit filename="lib/Eigen/src/Core/Replicate.h" />
		<Unit filename="lib/Eigen/src/Core/Reshaped.h" />
		<Unit filename="lib/Eigen/src/Core/ReturnByValue.h" />
		<Unit filename="lib/Eigen/src/Core/Reverse.h" />
		<Unit filename="lib/Eigen/src/Core/Select.h" />
		<Unit filename="lib/Eigen/src/Core/SelfAdjointView.h" />
		<Unit filename="lib/Eigen/src/Core/SelfCwiseBinaryOp.h" />
		<Unit filename="lib/Eigen/src/Core/Solve.h" />
		<Unit filename="lib/Eigen/src/Core/SolveTriangular.h" />
		<Unit filename="lib/Eigen/src/Core/SolverBase.h" />
		<Unit filename="lib/Eigen/src/Core/StableNorm.h" />
		<Unit filename="lib/Eigen/src/Core/StlIterators.h" />
		<Unit filename="lib/Eigen/src/Core/Stride.h" />
		<Unit filename="lib/Eigen/src/Core/Swap.h" />
		<Unit filename="lib/Eigen/src/Core/Transpose.h" />
		<Unit filename="lib/Eigen/src/Core/Transpositions.h" />
		<Unit filename="lib/Eigen/src/Core/TriangularMatrix.h" />
		<Unit filename="lib/Eigen/src/Core/VectorBlock.h" />
		<Unit filename="lib/Eigen/src/Core/VectorwiseOp.h" />
		<Unit filename="lib/Eigen/src/Core/Visitor.h" />
		<Unit filename="lib/Eigen/src/Core/arch/AVX512/Complex.h" />
		<Unit filename="lib/Eigen/src/Core/arch/AVX512/GemmKernel.h" />
		<Unit filename="lib/Eigen/src/Core/arch/AVX512/MathFunctions.h" />
		<Unit filename="lib/Eigen/src/Core/arch/AVX512/PacketMath.h" />
		<Unit filename="lib/Eigen/src/Core/arch/AVX512/TrsmKernel.h" />
		<Unit filename="lib/Eigen/src/Core/arch/AVX512/TypeCasting.h" />
		<Unit filename="lib/Eigen/src/Core/arch/AVX/Complex.h" />
		<Unit filename="lib/Eigen/src/Core/arch/AVX/MathFunctions.h" />
		<Unit filename="lib/Eigen/src/Core/arch/AVX/PacketMath.h" />
		<Unit filename="lib/Eigen/src/Core/arch/AVX/TypeCasting.h" />
		<Unit filename="lib/Eigen/src/Core/arch/AltiVec/Complex.h" />
		<Unit filename="lib/Eigen/src/Core/arch/AltiVec/MathFunctions.h" />
		<Unit filename="lib/Eigen/src/Core/arch/AltiVec/MatrixProduct.h" />
		<Unit filename="lib/Eigen/src/Core/arch/AltiVec/MatrixProductCommon.h" />
		<Unit filename="lib/Eigen/src/Core/arch/AltiVec/MatrixProductMMA.h" />
		<Unit filename="lib/Eigen/src/Core/arch/AltiVec/MatrixVectorProduct.h" />
		<Unit filename="lib/Eigen/src/Core/arch/AltiVec/PacketMath.h" />
		<Unit filename="lib/Eigen/src/Core/arch/Default/BFloat16.h" />
		<Unit filename="lib/Eigen/src/Core/arch/Default/ConjHelper.h" />
		<Unit filename="lib/Eigen/src/Core/arch/Default/GenericPacketMathFunctions.h" />
		<Unit filename="lib/Eigen/src/Core/arch/Default/GenericPacketMathFunctionsFwd.h" />
		<Unit filename="lib/Eigen/src/Core/arch/Default/Half.h" />
		<Unit filename="lib/Eigen/src/Core/arch/Default/Settings.h" />
		<Unit filename="lib/Eigen/src/Core/arch/Default/TypeCasting.h" />
		<Unit filename="lib/Eigen/src/Core/arch/GPU/Complex.h" />
		<Unit filename="lib/Eigen/src/Core/arch/GPU/MathFunctions.h" />
		<Unit filename="lib/Eigen/src/Core/arch/GPU/PacketMath.h" />
		<Unit filename="lib/Eigen/src/Core/arch/GPU/Tuple.h" />
		<Unit filename="lib/Eigen/src/Core/arch/GPU/TypeCasting.h" />
		<Unit filename="lib/Eigen/src/Core/arch/HIP/hcc/math_constants.h" />
		<Unit filename="lib/Eigen/src/Core/arch/MSA/Complex.h" />
		<Unit filename="lib/Eigen/src/Core/arch/MSA/MathFunctions.h" />
		<Unit filename="lib/Eigen/src/Core/arch/MSA/PacketMath.h" />
		<Unit filename="lib/Eigen/src/Core/arch/NEON/Complex.h" />
		<Unit filename="lib/Eigen/src/Core/arch/NEON/GeneralBlockPanelKernel.h" />
		<Unit filename="lib/Eigen/src/Core/arch/NEON/MathFunctions.h" />
		<Unit filename="lib/Eigen/src/Core/arch/NEON/PacketMath.h" />
		<Unit filename="lib/Eigen/src/Core/arch/NEON/TypeCasting.h" />
		<Unit filename="lib/Eigen/src/Core/arch/NEON/UnaryFunctors.h" />
		<Unit filename="lib/Eigen/src/Core/arch/SSE/Complex.h" />
		<Unit filename="lib/Eigen/src/Core/arch/SSE/MathFunctions.h" />
		<Unit filename="lib/Eigen/src/Core/arch/SSE/PacketMath.h" />
		<Unit filename="lib/Eigen/src/Core/arch/SSE/TypeCasting.h" />
		<Unit filename="lib/Eigen/src/Core/arch/SVE/MathFunctions.h" />
		<Unit filename="lib/Eigen/src/Core/arch/SVE/PacketMath.h" />
		<Unit filename="lib/Eigen/src/Core/arch/SVE/TypeCasting.h" />
		<Unit filename="lib/Eigen/src/Core/arch/SYCL/InteropHeaders.h" />
		<Unit filename="lib/Eigen/src/Core/arch/SYCL/MathFunctions.h" />
		<Unit filename="lib/Eigen/src/Core/arch/SYCL/PacketMath.h" />
		<Unit filename="lib/Eigen/src/Core/arch/SYCL/SyclMemoryModel.h" />
		<Unit filename="lib/Eigen/src/Core/arch/SYCL/TypeCasting.h" />
		<Unit filename="lib/Eigen/src/Core/arch/ZVector/Complex.h" />
		<Unit filename="lib/Eigen/src/Core/arch/ZVector/MathFunctions.h" />
		<Unit filename="lib/Eigen/src/Core/arch/ZVector/PacketMath.h" />
		<Unit filename="lib/Eigen/src/Core/functors/AssignmentFunctors.h" />
		<Unit filename="lib/Eigen/src/Core/functors/BinaryFunctors.h" />
		<Unit filename="lib/Eigen/src/Core/functors/NullaryFunctors.h" />
		<Unit filename="lib/Eigen/src/Core/functors/StlFunctors.h" />
		<Unit filename="lib/Eigen/src/Core/functors/TernaryFunctors.h" />
		<Unit filename="lib/Eigen/src/Core/functors/UnaryFunctors.h" />
		<Unit filename="lib/Eigen/src/Core/products/GeneralBlockPanelKernel.h" />
		<Unit filename="lib/Eigen/src/Core/products/GeneralMatrixMatrix.h" />
		<Unit filename="lib/Eigen/src/Core/products/GeneralMatrixMatrixTriangular.h" />
		<Unit filename="lib/Eigen/src/Core/products/GeneralMatrixMatrixTriangular_BLAS.h" />
		<Unit filename="lib/Eigen/src/Core/products/GeneralMatrixMatrix_BLAS.h" />
		<Unit filename="lib/Eigen/src/Core/products/GeneralMatrixVector.h" />
		<Unit filename="lib/Eigen/src/Core/products/GeneralMatrixVector_BLAS.h" />
		<Unit filename="lib/Eigen/src/Core/products/Parallelizer.h" />
		<Unit filename="lib/Eigen/src/Core/products/SelfadjointMatrixMatrix.h" />
		<Unit filename="lib/Eigen/src/Core/products/SelfadjointMatrixMatrix_BLAS.h" />
		<Unit filename="lib/Eigen/src/Core/products/SelfadjointMatrixVector.h" />
		<Unit filename="lib/Eigen/src/Core/products/SelfadjointMatrixVector_BLAS.h" />
		<Unit filename="lib/Eigen/src/Core/products/SelfadjointProduct.h" />
		<Unit filename="lib/Eigen/src/Core/products/SelfadjointRank2Update.h" />
		<Unit filename="lib/Eigen/src/Core/products/TriangularMatrixMatrix.h" />
		<Unit filename="lib/Eigen/src/Core/products/TriangularMatrixMatrix_BLAS.h" />
		<Unit filename="lib/Eigen/src/Core/products/TriangularMatrixVector.h" />
		<Unit filename="lib/Eigen/src/Core/products/TriangularMatrixVector_BLAS.h" />
		<Unit filename="lib/Eigen/src/Core/products/TriangularSolverMatrix.h" />
		<Unit filename="lib/Eigen/src/Core/products/TriangularSolverMatrix_BLAS.h" />
		<Unit filename="lib/Eigen/src/Core/products/TriangularSolverVector.h" />
		<Unit filename="lib/Eigen/src/Core/util/BlasUtil.h" />
		<Unit filename="lib/Eigen/src/Core/util/ConfigureVectorization.h" />
		<Unit filename="lib/Eigen/src/Core/util/Constants.h" />
		<Unit filename="lib/Eigen/src/Core/util/DisableStupidWarnings.h" />
		<Unit filename="lib/Eigen/src/Core/util/ForwardDeclarations.h" />
		<Unit filename="lib/Eigen/src/Core/util/IndexedViewHelper.h" />
		<Unit filename="lib/Eigen/src/Core/util/IntegralConstant.h" />
		<Unit filename="lib/Eigen/src/Core/util/MKL_support.h" />
		<Unit filename="lib/Eigen/src/Core/util/Macros.h" />
		<Unit filename="lib/Eigen/src/Core/util/Memory.h" />
		<Unit filename="lib/Eigen/src/Core/util/Meta.h" />
		<Unit filename="lib/Eigen/src/Core/util/NonMPL2.h" />
		<Unit filename="lib/Eigen/src/Core/util/ReenableStupidWarnings.h" />
		<Unit filename="lib/Eigen/src/Core/util/ReshapedHelper.h" />
		<Unit filename="lib/Eigen/src/Core/util/Serializer.h" />
		<Unit filename="lib/Eigen/src/Core/util/StaticAssert.h" />
		<Unit filename="lib/Eigen/src/Core/util/SymbolicIndex.h" />
		<Unit filename="lib/Eigen/src/Core/util/XprHelper.h" />
		<Unit filename="lib/Eigen/src/Eigenvalues/ComplexEigenSolver.h" />
		<Unit filename="lib/Eigen/src/Eigenvalues/ComplexSchur.h" />
		<Unit filename="lib/Eigen/src/Eigenvalues/ComplexSchur_LAPACKE.h" />
		<Unit filename="lib/Eigen/src/Eigenvalues/EigenSolver.h" />
		<Unit filename="lib/Eigen/src/Eigenvalues/GeneralizedEigenSolver.h" />
		<Unit filename="lib/Eigen/src/Eigenvalues/GeneralizedSelfAdjointEigenSolver.h" />
		<Unit filename="lib/Eigen/src/Eigenvalues/HessenbergDecomposition.h" />
		<Unit filename="lib/Eigen/src/Eigenvalues/InternalHeaderCheck.h" />
		<Unit filename="lib/Eigen/src/Eigenvalues/MatrixBaseEigenvalues.h" />
		<Unit filename="lib/Eigen/src/Eigenvalues/RealQZ.h" />
		<Unit filename="lib/Eigen/src/Eigenvalues/RealSchur.h" />
		<Unit filename="lib/Eigen/src/Eigenvalues/RealSchur_LAPACKE.h" />
		<Unit filename="lib/Eigen/src/Eigenvalues/SelfAdjointEigenSolver.h" />
		<Unit filename="lib/Eigen/src/Eigenvalues/SelfAdjointEigenSolver_LAPACKE.h" />
		<Unit filename="lib/Eigen/src/Eigenvalues/Tridiagonalization.h" />
		<Unit filename="lib/Eigen/src/Geometry/AlignedBox.h" />
		<Unit filename="lib/Eigen/src/Geometry/AngleAxis.h" />
		<Unit filename="lib/Eigen/src/Geometry/EulerAngles.h" />
		<Unit filename="lib/Eigen/src/Geometry/Homogeneous.h" />
		<Unit filename="lib/Eigen/src/Geometry/Hyperplane.h" />
		<Unit filename="lib/Eigen/src/Geometry/InternalHeaderCheck.h" />
		<Unit filename="lib/Eigen/src/Geometry/OrthoMethods.h" />
		<Unit filename="lib/Eigen/src/Geometry/ParametrizedLine.h" />
		<Unit filename="lib/Eigen/src/Geometry/Quaternion.h" />
		<Unit filename="lib/Eigen/src/Geometry/Rotation2D.h" />
		<Unit filename="lib/Eigen/src/Geometry/RotationBase.h" />
		<Unit filename="lib/Eigen/src/Geometry/Scaling.h" />
		<Unit filename="lib/Eigen/src/Geometry/Transform.h" />
		<Unit filename="lib/Eigen/src/Geometry/Translation.h" />
		<Unit filename="lib/Eigen/src/Geometry/Umeyama.h" />
		<Unit filename="lib/Eigen/src/Geometry/arch/Geometry_SIMD.h" />
		<Unit filename="lib/Eigen/src/Householder/BlockHouseholder.h" />
		<Unit filename="lib/Eigen/src/Householder/Householder.h" />
		<Unit filename="lib/Eigen/src/Householder/HouseholderSequence.h" />
		<Unit filename="lib/Eigen/src/Householder/InternalHeaderCheck.h" />
		<Unit filename="lib/Eigen/src/IterativeLinearSolvers/BasicPreconditioners.h" />
		<Unit filename="lib/Eigen/src/IterativeLinearSolvers/BiCGSTAB.h" />
		<Unit filename="lib/Eigen/src/IterativeLinearSolvers/ConjugateGradient.h" />
		<Unit filename="lib/Eigen/src/IterativeLinearSolvers/IncompleteCholesky.h" />
		<Unit filename="lib/Eigen/src/IterativeLinearSolvers/IncompleteLUT.h" />
		<Unit filename="lib/Eigen/src/IterativeLinearSolvers/InternalHeaderCheck.h" />
		<Unit filename="lib/Eigen/src/IterativeLinearSolvers/IterativeSolverBase.h" />
		<Unit filename="lib/Eigen/src/IterativeLinearSolvers/LeastSquareConjugateGradient.h" />
		<Unit filename="lib/Eigen/src/IterativeLinearSolvers/SolveWithGuess.h" />
		<Unit filename="lib/Eigen/src/Jacobi/InternalHeaderCheck.h" />
		<Unit filename="lib/Eigen/src/Jacobi/Jacobi.h" />
		<Unit filename="lib/Eigen/src/KLUSupport/InternalHeaderCheck.h" />
		<Unit filename="lib/Eigen/src/KLUSupport/KLUSupport.h" />
		<Unit filename="lib/Eigen/src/LU/Determinant.h" />
		<Unit filename="lib/Eigen/src/LU/FullPivLU.h" />
		<Unit filename="lib/Eigen/src/LU/InternalHeaderCheck.h" />
		<Unit filename="lib/Eigen/src/LU/InverseImpl.h" />
		<Unit filename="lib/Eigen/src/LU/PartialPivLU.h" />
		<Unit filename="lib/Eigen/src/LU/PartialPivLU_LAPACKE.h" />
		<Unit filename="lib/Eigen/src/LU/arch/InverseSize4.h" />
		<Unit filename="lib/Eigen/src/MetisSupport/InternalHeaderCheck.h" />
		<Unit filename="lib/Eigen/src/MetisSupport/MetisSupport.h" />
		<Unit filename="lib/Eigen/src/OrderingMethods/Amd.h" />
		<Unit filename="lib/Eigen/src/OrderingMethods/Eigen_Colamd.h" />
		<Unit filename="lib/Eigen/src/OrderingMethods/InternalHeaderCheck.h" />
		<Unit filename="lib/Eigen/src/OrderingMethods/Ordering.h" />
		<Unit filename="lib/Eigen/src/PaStiXSupport/InternalHeaderCheck.h" />
		<Unit filename="lib/Eigen/src/PaStiXSupport/PaStiXSupport.h" />
		<Unit filename="lib/Eigen/src/PardisoSupport/InternalHeaderCheck.h" />
		<Unit filename="lib/Eigen/src/PardisoSupport/PardisoSupport.h" />
		<Unit filename="lib/Eigen/src/QR/ColPivHouseholderQR.h" />
		<Unit filename="lib/Eigen/src/QR/ColPivHouseholderQR_LAPACKE.h" />
		<Unit filename="lib/Eigen/src/QR/CompleteOrthogonalDecomposition.h" />
		<Unit filename="lib/Eigen/src/QR/FullPivHouseholderQR.h" />
		<Unit filename="lib/Eigen/src/QR/HouseholderQR.h" />
		<Unit filename="lib/Eigen/src/QR/HouseholderQR_LAPACKE.h" />
		<Unit filename="lib/Eigen/src/QR/InternalHeaderCheck.h" />
		<Unit filename="lib/Eigen/src/SPQRSupport/InternalHeaderCheck.h" />
		<Unit filename="lib/Eigen/src/SPQRSupport/SuiteSparseQRSupport.h" />
		<Unit filename="lib/Eigen/src/SVD/BDCSVD.h" />
		<Unit filename="lib/Eigen/src/SVD/InternalHeaderCheck.h" />
		<Unit filename="lib/Eigen/src/SVD/JacobiSVD.h" />
		<Unit filename="lib/Eigen/src/SVD/JacobiSVD_LAPACKE.h" />
		<Unit filename="lib/Eigen/src/SVD/SVDBase.h" />
		<Unit filename="lib/Eigen/src/SVD/UpperBidiagonalization.h" />
		<Unit filename="lib/Eigen/src/SparseCholesky/InternalHeaderCheck.h" />
		<Unit filename="lib/Eigen/src/SparseCholesky/SimplicialCholesky.h" />
		<Unit filename="lib/Eigen/src/SparseCholesky/SimplicialCholesky_impl.h" />
		<Unit filename="lib/Eigen/src/SparseCore/AmbiVector.h" />
		<Unit filename="lib/Eigen/src/SparseCore/CompressedStorage.h" />
		<Unit filename="lib/Eigen/src/SparseCore/ConservativeSparseSparseProduct.h" />
		<Unit filename="lib/Eigen/src/SparseCore/InternalHeaderCheck.h" />
		<Unit filename="lib/Eigen/src/SparseCore/SparseAssign.h" />
		<Unit filename="lib/Eigen/src/SparseCore/SparseBlock.h" />
		<Unit filename="lib/Eigen/src/SparseCore/SparseColEtree.h" />
		<Unit filename="lib/Eigen/src/SparseCore/SparseCompressedBase.h" />
		<Unit filename="lib/Eigen/src/SparseCore/SparseCwiseBinaryOp.h" />
		<Unit filename="lib/Eigen/src/SparseCore/SparseCwiseUnaryOp.h" />
		<Unit filename="lib/Eigen/src/SparseCore/SparseDenseProduct.h" />
		<Unit filename="lib/Eigen/src/SparseCore/SparseDiagonalProduct.h" />
		<Unit filename="lib/Eigen/src/SparseCore/SparseDot.h" />
		<Unit filename="lib/Eigen/src/SparseCore/SparseFuzzy.h" />
		<Unit filename="lib/Eigen/src/SparseCore/SparseMap.h" />
		<Unit filename="lib/Eigen/src/SparseCore/SparseMatrix.h" />
		<Unit filename="lib/Eigen/src/SparseCore/SparseMatrixBase.h" />
		<Unit filename="lib/Eigen/src/SparseCore/SparsePermutation.h" />
		<Unit filename="lib/Eigen/src/SparseCore/SparseProduct.h" />
		<Unit filename="lib/Eigen/src/SparseCore/SparseRedux.h" />
		<Unit filename="lib/Eigen/src/SparseCore/SparseRef.h" />
		<Unit filename="lib/Eigen/src/SparseCore/SparseSelfAdjointView.h" />
		<Unit filename="lib/Eigen/src/SparseCore/SparseSolverBase.h" />
		<Unit filename="lib/Eigen/src/SparseCore/SparseSparseProductWithPruning.h" />
		<Unit filename="lib/Eigen/src/SparseCore/SparseTranspose.h" />
		<Unit filename="lib/Eigen/src/SparseCore/SparseTriangularView.h" />
		<Unit filename="lib/Eigen/src/SparseCore/SparseUtil.h" />
		<Unit filename="lib/Eigen/src/SparseCore/SparseVector.h" />
		<Unit filename="lib/Eigen/src/SparseCore/SparseView.h" />
		<Unit filename="lib/Eigen/src/SparseCore/TriangularSolver.h" />
		<Unit filename="lib/Eigen/src/SparseLU/InternalHeaderCheck.h" />
		<Unit filename="lib/Eigen/src/SparseLU/SparseLU.h" />
		<Unit filename="lib/Eigen/src/SparseLU/SparseLUImpl.h" />
		<Unit filename="lib/Eigen/src/SparseLU/SparseLU_Memory.h" />
		<Unit filename="lib/Eigen/src/SparseLU/SparseLU_Structs.h" />
		<Unit filename="lib/Eigen/src/SparseLU/SparseLU_SupernodalMatrix.h" />
		<Unit filename="lib/Eigen/src/SparseLU/SparseLU_Utils.h" />
		<Unit filename="lib/Eigen/src/SparseLU/SparseLU_column_bmod.h" />
		<Unit filename="lib/Eigen/src/SparseLU/SparseLU_column_dfs.h" />
		<Unit filename="lib/Eigen/src/SparseLU/SparseLU_copy_to_ucol.h" />
		<Unit filename="lib/Eigen/src/SparseLU/SparseLU_gemm_kernel.h" />
		<Unit filename="lib/Eigen/src/SparseLU/SparseLU_heap_relax_snode.h" />
		<Unit filename="lib/Eigen/src/SparseLU/SparseLU_kernel_bmod.h" />
		<Unit filename="lib/Eigen/src/SparseLU/SparseLU_panel_bmod.h" />
		<Unit filename="lib/Eigen/src/SparseLU/SparseLU_panel_dfs.h" />
		<Unit filename="lib/Eigen/src/SparseLU/SparseLU_pivotL.h" />
		<Unit filename="lib/Eigen/src/SparseLU/SparseLU_pruneL.h" />
		<Unit filename="lib/Eigen/src/SparseLU/SparseLU_relax_snode.h" />
		<Unit filename="lib/Eigen/src/SparseQR/InternalHeaderCheck.h" />
		<Unit filename="lib/Eigen/src/SparseQR/SparseQR.h" />
		<Unit filename="lib/Eigen/src/StlSupport/StdDeque.h" />
		<Unit filename="lib/Eigen/src/StlSupport/StdList.h" />
		<Unit filename="lib/Eigen/src/StlSupport/StdVector.h" />
		<Unit filename="lib/Eigen/src/StlSupport/details.h" />
		<Unit filename="lib/Eigen/src/SuperLUSupport/InternalHeaderCheck.h" />
		<Unit filename="lib/Eigen/src/SuperLUSupport/SuperLUSupport.h" />
		<Unit filename="lib/Eigen/src/UmfPackSupport/InternalHeaderCheck.h" />
		<Unit filename="lib/Eigen/src/UmfPackSupport/UmfPackSupport.h" />
		<Unit filename="lib/Eigen/src/misc/Image.h" />
		<Unit filename="lib/Eigen/src/misc/InternalHeaderCheck.h" />
		<Unit filename="lib/Eigen/src/misc/Kernel.h" />
		<Unit filename="lib/Eigen/src/misc/RealSvd2x2.h" />
		<Unit filename="lib/Eigen/src/misc/blas.h" />
		<Unit filename="lib/Eigen/src/misc/lapack.h" />
		<Unit filename="lib/Eigen/src/misc/lapacke.h" />
		<Unit filename="lib/Eigen/src/misc/lapacke_helpers.h" />
		<Unit filename="lib/Eigen/src/misc/lapacke_mangling.h" />
		<Unit filename="lib/Eigen/src/plugins/ArrayCwiseBinaryOps.h" />
		<Unit filename="lib/Eigen/src/plugins/ArrayCwiseUnaryOps.h" />
		<Unit filename="lib/Eigen/src/plugins/BlockMethods.h" />
		<Unit filename="lib/Eigen/src/plugins/CommonCwiseBinaryOps.h" />
		<Unit filename="lib/Eigen/src/plugins/CommonCwiseUnaryOps.h" />
		<Unit filename="lib/Eigen/src/plugins/IndexedViewMethods.h" />
		<Unit filename="lib/Eigen/src/plugins/InternalHeaderCheck.h" />
		<Unit filename="lib/Eigen/src/plugins/MatrixCwiseBinaryOps.h" />
		<Unit filename="lib/Eigen/src/plugins/MatrixCwiseUnaryOps.h" />
		<Unit filename="lib/Eigen/src/plugins/ReshapedMethods.h" />
		<Unit filename="lib/fpm/fixed.hpp" />
		<Unit filename="lib/fpm/ios.hpp" />
		<Unit filename="lib/fpm/math.hpp" />
		<Unit filename="lib/tinyxml/tinyxml2.cpp" />
		<Unit filename="lib/tinyxml/tinyxml2.h" />
		<Unit filename="resources/reactions/reactions.json" />
		<Unit filename="src/6DOF/include/Action.h" />
		<Unit filename="src/6DOF/include/Aerodynamics.h" />
		<Unit filename="src/6DOF/include/Atmosphere.h" />
		<Unit filename="src/6DOF/include/Body.h" />
		<Unit filename="src/6DOF/include/Component.h" />
		<Unit filename="src/6DOF/include/Control.h" />
		<Unit filename="src/6DOF/include/GNC.h" />
		<Unit filename="src/6DOF/include/Gravity.h" />
		<Unit filename="src/6DOF/include/Resource.h" />
		<Unit filename="src/6DOF/include/Stage.h" />
		<Unit filename="src/6DOF/include/StageDynamics.h" />
		<Unit filename="src/6DOF/include/Thruster.h" />
		<Unit filename="src/6DOF/include/Vehicle.h" />
		<Unit filename="src/6DOF/src/Aerodynamics.cpp" />
		<Unit filename="src/6DOF/src/Atmosphere.cpp" />
		<Unit filename="src/6DOF/src/Body.cpp" />
		<Unit filename="src/6DOF/src/Component.cpp" />
		<Unit filename="src/6DOF/src/Stage.cpp" />
		<Unit filename="src/6DOF/src/StageDynamics.cpp" />
		<Unit filename="src/6DOF/src/Thruster.cpp" />
		<Unit filename="src/6DOF/src/Vehicle.cpp" />
		<Unit filename="src/app/main.cpp" />
		<Unit filename="src/app/proto.cpp" />
		<Unit filename="src/app/test.cpp" />
		<Unit filename="src/app/tests.h" />
		<Unit filename="src/common/include/Cartesian.h" />
		<Unit filename="src/common/include/CircularArray.h" />
		<Unit filename="src/common/include/Constants.h" />
		<Unit filename="src/common/include/Dynamics.h" />
		<Unit filename="src/common/include/Geodesy.h" />
		<Unit filename="src/common/include/IERSData.h" />
		<Unit filename="src/common/include/Math.h" />
		<Unit filename="src/common/include/Matrix.h" />
		<Unit filename="src/common/include/Molecule.h" />
		<Unit filename="src/common/include/ODE.h" />
		<Unit filename="src/common/include/Planet.h" />
		<Unit filename="src/common/include/RocketShape.h" />
		<Unit filename="src/common/include/SpecialMath.h" />
		<Unit filename="src/common/include/Table.h" />
		<Unit filename="src/common/include/Time.h" />
		<Unit filename="src/common/include/Unit.h" />
		<Unit filename="src/common/include/fluid.h" />
		<Unit filename="src/common/include/structures.h" />
		<Unit filename="src/common/include/util.h" />
		<Unit filename="src/common/src/Geodesy.cpp" />
		<Unit filename="src/common/src/Planet.cpp" />
		<Unit filename="src/proto/include/Aerodynamics.h" />
		<Unit filename="src/proto/include/Atmosphere.h" />
		<Unit filename="src/proto/include/Control" />
		<Unit filename="src/proto/include/Control.h" />
		<Unit filename="src/proto/include/Filter.h" />
		<Unit filename="src/proto/include/GNC.h" />
		<Unit filename="src/proto/include/Gravity.h" />
		<Unit filename="src/proto/include/Guidance.h" />
		<Unit filename="src/proto/include/Kinematics.h" />
		<Unit filename="src/proto/include/Navigation.h" />
		<Unit filename="src/proto/include/Parachute.h" />
		<Unit filename="src/proto/include/Sensors.h" />
		<Unit filename="src/proto/include/Servo.h" />
		<Unit filename="src/proto/include/SingleStageRocket.h" />
		<Unit filename="src/proto/include/SingleStageSimulation.h" />
		<Unit filename="src/proto/include/Thruster.h" />
		<Unit filename="src/proto/include/WindHistory.h" />
		<Unit filename="src/proto/include/thruster1D.h" />
		<Unit filename="src/proto/src/Aerodynamics.cpp" />
		<Unit filename="src/proto/src/Atmosphere.cpp" />
		<Unit filename="src/proto/src/Control.cpp" />
		<Unit filename="src/proto/src/Filter.cpp" />
		<Unit filename="src/proto/src/Gravity.cpp" />
		<Unit filename="src/proto/src/Guidance.cpp" />
		<Unit filename="src/proto/src/Navigation.cpp" />
		<Unit filename="src/proto/src/Parachute.cpp" />
		<Unit filename="src/proto/src/Sensors.cpp" />
		<Unit filename="src/proto/src/Servo.cpp" />
		<Unit filename="src/proto/src/SingleStageRocket.cpp" />
		<Unit filename="src/proto/src/SingleStageSimulation.cpp" />
		<Unit filename="src/proto/src/Thruster.cpp" />
		<Unit filename="src/proto/src/WindHistory.cpp" />
		<Unit filename="src/proto/src/thruster1D.cpp" />
		<Unit filename="src/util/include/Simulation.h" />
		<Unit filename="src/util/src/Simulation.cpp" />
		<Extensions />
	</Project>
</CodeBlocks_project_file>
