
Microsoft Visual Studio Solution File, Format Version 12.00
# Visual Studio Version 17
Project("{8BC9CEB8-8B4A-11D0-8D11-00A0C91BC942}") = "ALL_BUILD", "ALL_BUILD.vcxproj", "{5986CBB8-C8F7-3D2C-94E9-CB12B0DAAE00}"
	ProjectSection(ProjectDependencies) = postProject
		{CCE5B64C-86B2-3FBA-98E0-2EC8971B8302} = {CCE5B64C-86B2-3FBA-98E0-2EC8971B8302}
		{3DE30CFE-F990-3C81-B9F0-6708DF075108} = {3DE30CFE-F990-3C81-B9F0-6708DF075108}
	EndProjectSection
EndProject
Project("{8BC9CEB8-8B4A-11D0-8D11-00A0C91BC942}") = "Full6DOF", "Full6DOF.vcxproj", "{CCE5B64C-86B2-3FBA-98E0-2EC8971B8302}"
	ProjectSection(ProjectDependencies) = postProject
		{3DE30CFE-F990-3C81-B9F0-6708DF075108} = {3DE30CFE-F990-3C81-B9F0-6708DF075108}
	EndProjectSection
EndProject
Project("{8BC9CEB8-8B4A-11D0-8D11-00A0C91BC942}") = "ZERO_CHECK", "ZERO_CHECK.vcxproj", "{3DE30CFE-F990-3C81-B9F0-6708DF075108}"
	ProjectSection(ProjectDependencies) = postProject
	EndProjectSection
EndProject
Global
	GlobalSection(SolutionConfigurationPlatforms) = preSolution
		Debug|x64 = Debug|x64
		Release|x64 = Release|x64
		MinSizeRel|x64 = MinSizeRel|x64
		RelWithDebInfo|x64 = RelWithDebInfo|x64
	EndGlobalSection
	GlobalSection(ProjectConfigurationPlatforms) = postSolution
		{5986CBB8-C8F7-3D2C-94E9-CB12B0DAAE00}.Debug|x64.ActiveCfg = Debug|x64
		{5986CBB8-C8F7-3D2C-94E9-CB12B0DAAE00}.Release|x64.ActiveCfg = Release|x64
		{5986CBB8-C8F7-3D2C-94E9-CB12B0DAAE00}.MinSizeRel|x64.ActiveCfg = MinSizeRel|x64
		{5986CBB8-C8F7-3D2C-94E9-CB12B0DAAE00}.RelWithDebInfo|x64.ActiveCfg = RelWithDebInfo|x64
		{CCE5B64C-86B2-3FBA-98E0-2EC8971B8302}.Debug|x64.ActiveCfg = Debug|x64
		{CCE5B64C-86B2-3FBA-98E0-2EC8971B8302}.Debug|x64.Build.0 = Debug|x64
		{CCE5B64C-86B2-3FBA-98E0-2EC8971B8302}.Release|x64.ActiveCfg = Release|x64
		{CCE5B64C-86B2-3FBA-98E0-2EC8971B8302}.Release|x64.Build.0 = Release|x64
		{CCE5B64C-86B2-3FBA-98E0-2EC8971B8302}.MinSizeRel|x64.ActiveCfg = MinSizeRel|x64
		{CCE5B64C-86B2-3FBA-98E0-2EC8971B8302}.MinSizeRel|x64.Build.0 = MinSizeRel|x64
		{CCE5B64C-86B2-3FBA-98E0-2EC8971B8302}.RelWithDebInfo|x64.ActiveCfg = RelWithDebInfo|x64
		{CCE5B64C-86B2-3FBA-98E0-2EC8971B8302}.RelWithDebInfo|x64.Build.0 = RelWithDebInfo|x64
		{3DE30CFE-F990-3C81-B9F0-6708DF075108}.Debug|x64.ActiveCfg = Debug|x64
		{3DE30CFE-F990-3C81-B9F0-6708DF075108}.Debug|x64.Build.0 = Debug|x64
		{3DE30CFE-F990-3C81-B9F0-6708DF075108}.Release|x64.ActiveCfg = Release|x64
		{3DE30CFE-F990-3C81-B9F0-6708DF075108}.Release|x64.Build.0 = Release|x64
		{3DE30CFE-F990-3C81-B9F0-6708DF075108}.MinSizeRel|x64.ActiveCfg = MinSizeRel|x64
		{3DE30CFE-F990-3C81-B9F0-6708DF075108}.MinSizeRel|x64.Build.0 = MinSizeRel|x64
		{3DE30CFE-F990-3C81-B9F0-6708DF075108}.RelWithDebInfo|x64.ActiveCfg = RelWithDebInfo|x64
		{3DE30CFE-F990-3C81-B9F0-6708DF075108}.RelWithDebInfo|x64.Build.0 = RelWithDebInfo|x64
	EndGlobalSection
	GlobalSection(ExtensibilityGlobals) = postSolution
		SolutionGuid = {5C843DDB-AF42-3145-B9F1-CAA1C5897A6E}
	EndGlobalSection
	GlobalSection(ExtensibilityAddIns) = postSolution
	EndGlobalSection
EndGlobal
